
Microsoft Visual Studio Solution File, Format Version 12.00
# Visual Studio Version 17
VisualStudioVersion = 17.13.35806.99
MinimumVisualStudioVersion = 10.0.40219.1
Project("{FAE04EC0-301F-11D3-BF4B-00C04F79EFBC}") = "Seek.Core", "Seek.Core\Seek.Core.csproj", "{09FA4062-6137-4B7D-90B0-7F6C0D83CCE4}"
EndProject
Project("{FAE04EC0-301F-11D3-BF4B-00C04F79EFBC}") = "Seek.EF", "Seek.EF\Seek.EF.csproj", "{8B9E7359-AC83-4209-A4FF-F37CE088F7E6}"
EndProject
Project("{FAE04EC0-301F-11D3-BF4B-00C04F79EFBC}") = "Seek.API", "Seek.API\Seek.API.csproj", "{AADE2D31-0833-478A-9113-DA625F67BEC6}"
EndProject
Project("{2150E333-8FDC-42A3-9474-1A3956D46DE8}") = "docs", "docs", "{02EA681E-C7D8-13C7-8484-4AC65E1B71E8}"
	ProjectSection(SolutionItems) = preProject
		API_Documentation.md = API_Documentation.md
		Setup_Guide.md = Setup_Guide.md
	EndProjectSection
EndProject
Global
	GlobalSection(SolutionConfigurationPlatforms) = preSolution
		Debug|Any CPU = Debug|Any CPU
		Release|Any CPU = Release|Any CPU
	EndGlobalSection
	GlobalSection(ProjectConfigurationPlatforms) = postSolution
		{09FA4062-6137-4B7D-90B0-7F6C0D83CCE4}.Debug|Any CPU.ActiveCfg = Debug|Any CPU
		{09FA4062-6137-4B7D-90B0-7F6C0D83CCE4}.Debug|Any CPU.Build.0 = Debug|Any CPU
		{09FA4062-6137-4B7D-90B0-7F6C0D83CCE4}.Release|Any CPU.ActiveCfg = Release|Any CPU
		{09FA4062-6137-4B7D-90B0-7F6C0D83CCE4}.Release|Any CPU.Build.0 = Release|Any CPU
		{8B9E7359-AC83-4209-A4FF-F37CE088F7E6}.Debug|Any CPU.ActiveCfg = Debug|Any CPU
		{8B9E7359-AC83-4209-A4FF-F37CE088F7E6}.Debug|Any CPU.Build.0 = Debug|Any CPU
		{8B9E7359-AC83-4209-A4FF-F37CE088F7E6}.Release|Any CPU.ActiveCfg = Release|Any CPU
		{8B9E7359-AC83-4209-A4FF-F37CE088F7E6}.Release|Any CPU.Build.0 = Release|Any CPU
		{AADE2D31-0833-478A-9113-DA625F67BEC6}.Debug|Any CPU.ActiveCfg = Debug|Any CPU
		{AADE2D31-0833-478A-9113-DA625F67BEC6}.Debug|Any CPU.Build.0 = Debug|Any CPU
		{AADE2D31-0833-478A-9113-DA625F67BEC6}.Release|Any CPU.ActiveCfg = Release|Any CPU
		{AADE2D31-0833-478A-9113-DA625F67BEC6}.Release|Any CPU.Build.0 = Release|Any CPU
	EndGlobalSection
	GlobalSection(SolutionProperties) = preSolution
		HideSolutionNode = FALSE
	EndGlobalSection
	GlobalSection(ExtensibilityGlobals) = postSolution
		SolutionGuid = {DAC275C2-DA5A-47DF-88D4-386B598CA170}
	EndGlobalSection
EndGlobal
